{
  "originHash" : "bd8172da84552a55de816db12c58a8ae269a9f26a61f98beffa3a68f7165cef7",
  "pins" : [
    {
      "identity" : "swift-argument-parser",
      "kind" : "remoteSourceControl",
      "location" : "https://github.com/apple/swift-argument-parser",
      "state" : {
        "revision" : "309a47b2b1d9b5e991f36961c983ecec72275be3",
        "version" : "1.6.1"
      }
    },
    {
      "identity" : "toonencoder",
      "kind" : "remoteSourceControl",
      "location" : "https://github.com/mattt/TOONEncoder.git",
      "state" : {
        "revision" : "8a2a61a9d0804d1d9cd65d05a0913e8d21038032",
        "version" : "0.2.0"
      }
    }
  ],
  "version" : 3
}
