{
  "originHash" : "8e823e894e580255ab0050f310402fe7e44233b051c15077bc2e607caa8e7695",
  "pins" : [
    {
      "identity" : "swift-argument-parser",
      "kind" : "remoteSourceControl",
      "location" : "https://github.com/apple/swift-argument-parser",
      "state" : {
        "revision" : "309a47b2b1d9b5e991f36961c983ecec72275be3",
        "version" : "1.6.1"
      }
    },
    {
      "identity" : "toon-swift",
      "kind" : "remoteSourceControl",
      "location" : "https://github.com/toon-format/toon-swift.git",
      "state" : {
        "revision" : "2561ea3a337c2fa42c307c0c44fdbad358c7c49c",
        "version" : "0.3.0"
      }
    }
  ],
  "version" : 3
}
